// !$*UTF8*$!
{ archiveVersion = 1; classes = {}; objectVersion = 56; objects = {
DE8A10361A697872BA9BDD10 = {isa = PBXFileReference; lastKnownFileType = sourcecode.swift; path = "Host/ProbeApp.swift"; sourceTree = "<group>"; };
7BF6D1A43ED01C015E9173F3 = {isa = PBXFileReference; lastKnownFileType = sourcecode.cpp.objcpp; path = "Host/ProbeBridge.mm"; sourceTree = "<group>"; };
2B7185392D9E4B5578B7A29B = {isa = PBXFileReference; lastKnownFileType = sourcecode.c.h; path = "Host/ProbeBridge.h"; sourceTree = "<group>"; };
0275188D6063AC8E52C01DC1 = {isa = PBXFileReference; lastKnownFileType = text.plist.xml; path = "Host/Info.plist"; sourceTree = "<group>"; };
C5E82330EF19947C0FE8EA29 = {isa = PBXBuildFile; fileRef = DE8A10361A697872BA9BDD10; };
C64192D674AD3706BD142976 = {isa = PBXBuildFile; fileRef = 7BF6D1A43ED01C015E9173F3; };
A8792157CB4F27FB949C035F = {isa = PBXFileReference; explicitFileType = wrapper.application; path = MyPCSteamOSProbe.app; sourceTree = BUILT_PRODUCTS_DIR; };
0A3E27B8CA818264D75C8D81 = {isa = PBXGroup; children = (A8792157CB4F27FB949C035F,); name = Products; sourceTree = "<group>"; };
AD936FCBED631FA67E05C3EA = {isa = PBXGroup; children = (DE8A10361A697872BA9BDD10,7BF6D1A43ED01C015E9173F3,2B7185392D9E4B5578B7A29B,0275188D6063AC8E52C01DC1,0A3E27B8CA818264D75C8D81,); sourceTree = "<group>"; };
878A52FC5FF6A57D50B7B870 = {isa = PBXSourcesBuildPhase; buildActionMask = 2147483647; files = (C5E82330EF19947C0FE8EA29,C64192D674AD3706BD142976,); runOnlyForDeploymentPostprocessing = 0; };
E2AA269EB967A8853A258BFA = {isa = PBXFrameworksBuildPhase; buildActionMask = 2147483647; files = (); runOnlyForDeploymentPostprocessing = 0; };
41D311A605520FC7B8B9A980 = {isa = PBXResourcesBuildPhase; buildActionMask = 2147483647; files = (); runOnlyForDeploymentPostprocessing = 0; };
2B23A31EEC75B029432F2445 = {isa = XCBuildConfiguration; buildSettings = {SDKROOT = iphoneos; IPHONEOS_DEPLOYMENT_TARGET = 26.0; CLANG_ENABLE_MODULES = YES; CLANG_ENABLE_OBJC_ARC = YES; CLANG_CXX_LANGUAGE_STANDARD = "c++17"; GCC_WARN_ABOUT_RETURN_TYPE = YES_ERROR;}; name = Debug; };
EDDA600A3F771F810A8065C9 = {isa = XCBuildConfiguration; buildSettings = {SDKROOT = iphoneos; IPHONEOS_DEPLOYMENT_TARGET = 26.0; CLANG_ENABLE_MODULES = YES; CLANG_ENABLE_OBJC_ARC = YES; CLANG_CXX_LANGUAGE_STANDARD = "c++17"; GCC_WARN_ABOUT_RETURN_TYPE = YES_ERROR;
ARCHS = arm64; TARGETED_DEVICE_FAMILY = "1,2"; SUPPORTED_PLATFORMS = iphoneos;
PRODUCT_BUNDLE_IDENTIFIER = com.aghjkshdsj.mypc.steamos.probe; PRODUCT_NAME = MyPCSteamOSProbe;
INFOPLIST_FILE = Host/Info.plist; GENERATE_INFOPLIST_FILE = NO;
SWIFT_VERSION = 5.0; SWIFT_OBJC_BRIDGING_HEADER = Host/ProbeBridge.h;
SWIFT_OPTIMIZATION_LEVEL = "-Onone"; SWIFT_COMPILATION_MODE = wholemodule;
GCC_OPTIMIZATION_LEVEL = 2; ENABLE_DEBUG_DYLIB = NO; CODE_SIGN_STYLE = Automatic;
MPC_SOURCE_COMMIT = "local-unrecorded"; OTHER_LDFLAGS = "$(inherited) -framework Metal -framework GameController -framework UIKit";
}; name = Debug; };
07CA1E69F6068DEA30A4DA6B = {isa = XCBuildConfiguration; buildSettings = {SDKROOT = iphoneos; IPHONEOS_DEPLOYMENT_TARGET = 26.0; CLANG_ENABLE_MODULES = YES; CLANG_ENABLE_OBJC_ARC = YES; CLANG_CXX_LANGUAGE_STANDARD = "c++17"; GCC_WARN_ABOUT_RETURN_TYPE = YES_ERROR;}; name = Release; };
594BCDCC96599D88EF772A08 = {isa = XCBuildConfiguration; buildSettings = {SDKROOT = iphoneos; IPHONEOS_DEPLOYMENT_TARGET = 26.0; CLANG_ENABLE_MODULES = YES; CLANG_ENABLE_OBJC_ARC = YES; CLANG_CXX_LANGUAGE_STANDARD = "c++17"; GCC_WARN_ABOUT_RETURN_TYPE = YES_ERROR;
ARCHS = arm64; TARGETED_DEVICE_FAMILY = "1,2"; SUPPORTED_PLATFORMS = iphoneos;
PRODUCT_BUNDLE_IDENTIFIER = com.aghjkshdsj.mypc.steamos.probe; PRODUCT_NAME = MyPCSteamOSProbe;
INFOPLIST_FILE = Host/Info.plist; GENERATE_INFOPLIST_FILE = NO;
SWIFT_VERSION = 5.0; SWIFT_OBJC_BRIDGING_HEADER = Host/ProbeBridge.h;
SWIFT_OPTIMIZATION_LEVEL = "-O"; SWIFT_COMPILATION_MODE = wholemodule;
GCC_OPTIMIZATION_LEVEL = 2; ENABLE_DEBUG_DYLIB = NO; CODE_SIGN_STYLE = Automatic;
MPC_SOURCE_COMMIT = "local-unrecorded"; OTHER_LDFLAGS = "$(inherited) -framework Metal -framework GameController -framework UIKit";
}; name = Release; };
F905B102B4F13BD6617D8EB3 = {isa = XCConfigurationList; buildConfigurations = (2B23A31EEC75B029432F2445,07CA1E69F6068DEA30A4DA6B,); defaultConfigurationIsVisible = 0; defaultConfigurationName = Release; };
CE4CD5ACDBC4A8D938AD23C0 = {isa = XCConfigurationList; buildConfigurations = (EDDA600A3F771F810A8065C9,594BCDCC96599D88EF772A08,); defaultConfigurationIsVisible = 0; defaultConfigurationName = Release; };
34A04005BCAF206EEC990BD9 = {isa = PBXNativeTarget; buildConfigurationList = CE4CD5ACDBC4A8D938AD23C0; buildPhases = (878A52FC5FF6A57D50B7B870,E2AA269EB967A8853A258BFA,41D311A605520FC7B8B9A980,); buildRules = (); dependencies = (); name = MyPCSteamOSProbe; productName = MyPCSteamOSProbe; productReference = A8792157CB4F27FB949C035F; productType = "com.apple.product-type.application"; };
244210E48437B6556980A702 = {isa = PBXProject; attributes = {LastUpgradeCheck = 2600; }; buildConfigurationList = F905B102B4F13BD6617D8EB3; compatibilityVersion = "Xcode 14.0"; developmentRegion = en; hasScannedForEncodings = 0; knownRegions = (en,Base,); mainGroup = AD936FCBED631FA67E05C3EA; productRefGroup = 0A3E27B8CA818264D75C8D81; projectDirPath = ""; projectRoot = ""; targets = (34A04005BCAF206EEC990BD9,); };
}; rootObject = 244210E48437B6556980A702; }
