// !$*UTF8*$!
{ archiveVersion = 1; classes = {}; objectVersion = 56; objects = {
DE8A10361A697872BA9BDD10 = {isa = PBXFileReference; lastKnownFileType = sourcecode.swift; path = "Host/ProbeApp.swift"; sourceTree = "<group>"; };
7BF6D1A43ED01C015E9173F3 = {isa = PBXFileReference; lastKnownFileType = sourcecode.cpp.objcpp; path = "Host/ProbeBridge.mm"; sourceTree = "<group>"; };
925840FD6AA72BFBF7404AC4 = {isa = PBXFileReference; lastKnownFileType = sourcecode.cpp.objcpp; path = "Host/LinuxGate.mm"; sourceTree = "<group>"; };
B67A02F4CE50FC88649B541F = {isa = PBXFileReference; lastKnownFileType = sourcecode.cpp.objcpp; path = "Host/GuestGPUReceipt.mm"; sourceTree = "<group>"; };
5EB9FE81A3E798474922DD17 = {isa = PBXFileReference; lastKnownFileType = sourcecode.cpp.objcpp; path = "Host/GuestMetalTrace.mm"; sourceTree = "<group>"; };
5E5A5F67D409401FA8C0FDCE = {isa = PBXFileReference; lastKnownFileType = sourcecode.cpp.objcpp; path = "Host/GuestFrameImport.mm"; sourceTree = "<group>"; };
DE9C0F1755EB6DF521F099F6 = {isa = PBXFileReference; lastKnownFileType = sourcecode.cpp.objcpp; path = "Host/GuestFrameReceipt.mm"; sourceTree = "<group>"; };
F497A17F09FA6F2150A18FD7 = {isa = PBXFileReference; lastKnownFileType = sourcecode.cpp.objcpp; path = "Host/GuestFrameScreenReceipt.mm"; sourceTree = "<group>"; };
8B4B9D7519F3E73F8F8F08FC = {isa = PBXFileReference; lastKnownFileType = sourcecode.c.h; path = "Host/GuestFrameImport.h"; sourceTree = "<group>"; };
12E920185097E8FBB22BB550 = {isa = PBXFileReference; lastKnownFileType = sourcecode.c.h; path = "Host/GuestFrameBudget.h"; sourceTree = "<group>"; };
D8B51F672511E49D9E3FF992 = {isa = PBXFileReference; lastKnownFileType = sourcecode.cpp.objcpp; path = "Host/GuestImageImport.mm"; sourceTree = "<group>"; };
AA3D9D3D1CA5559B99EF7379 = {isa = PBXFileReference; lastKnownFileType = sourcecode.cpp.objcpp; path = "Host/GuestImageReceipt.mm"; sourceTree = "<group>"; };
A7883440F1D751D381DE6B94 = {isa = PBXFileReference; lastKnownFileType = sourcecode.cpp.objcpp; path = "Host/GuestScreenPresentation.mm"; sourceTree = "<group>"; };
CE3132FFBAA6AE4E60AEB458 = {isa = PBXFileReference; lastKnownFileType = sourcecode.cpp.objcpp; path = "Host/GuestScreenReceipt.mm"; sourceTree = "<group>"; };
9DC449E806FEAD3080746803 = {isa = PBXFileReference; lastKnownFileType = sourcecode.c.h; path = "Host/GuestScreenPresentation.h"; sourceTree = "<group>"; };
95C6B4318E429146529FC9B6 = {isa = PBXFileReference; lastKnownFileType = sourcecode.c.h; path = "Host/GuestImageImport.h"; sourceTree = "<group>"; };
5A7AC824734257989B06E50C = {isa = PBXFileReference; lastKnownFileType = sourcecode.cpp.objcpp; path = "Host/NativeVulkan.mm"; sourceTree = "<group>"; };
1B520514323B47D40EE631C4 = {isa = PBXFileReference; lastKnownFileType = sourcecode.c.c; path = "Host/NativeVulkanDraw.c"; sourceTree = "<group>"; };
FAB632F1C98A54B51A36E54E = {isa = PBXFileReference; lastKnownFileType = sourcecode.swift; path = "Host/RecoveryJournal.swift"; sourceTree = "<group>"; };
80123E9755F10BD2F00A31D8 = {isa = PBXFileReference; lastKnownFileType = sourcecode.swift; path = "Host/SystemCrashDiagnostics.swift"; sourceTree = "<group>"; };
6DFBF16268E27D743AC7DC21 = {isa = PBXFileReference; lastKnownFileType = sourcecode.cpp.objcpp; path = "Host/ProbeRecovery.mm"; sourceTree = "<group>"; };
4D92DE5164B6EDC94544AFC9 = {isa = PBXFileReference; lastKnownFileType = sourcecode.swift; path = "Host/StikDebugRequest.swift"; sourceTree = "<group>"; };
2B7185392D9E4B5578B7A29B = {isa = PBXFileReference; lastKnownFileType = sourcecode.c.h; path = "Host/ProbeBridge.h"; sourceTree = "<group>"; };
9CF40A74AB6F0036554FFDB2 = {isa = PBXFileReference; lastKnownFileType = sourcecode.c.h; path = "Host/GuestMetalTrace.h"; sourceTree = "<group>"; };
8E83718426F6A58DD0CBEDF5 = {isa = PBXFileReference; lastKnownFileType = sourcecode.c.h; path = "Host/GuestMetalTraceLedger.h"; sourceTree = "<group>"; };
0275188D6063AC8E52C01DC1 = {isa = PBXFileReference; lastKnownFileType = text.plist.xml; path = "Host/Info.plist"; sourceTree = "<group>"; };
C5E82330EF19947C0FE8EA29 = {isa = PBXBuildFile; fileRef = DE8A10361A697872BA9BDD10; };
C64192D674AD3706BD142976 = {isa = PBXBuildFile; fileRef = 7BF6D1A43ED01C015E9173F3; };
CB729D9FCA28E36543E42BFF = {isa = PBXBuildFile; fileRef = 925840FD6AA72BFBF7404AC4; };
72A7229B97FABAFABCF18E82 = {isa = PBXBuildFile; fileRef = B67A02F4CE50FC88649B541F; };
D9090D252747A7354A6F44AF = {isa = PBXBuildFile; fileRef = 5EB9FE81A3E798474922DD17; };
FD97A0F79547168873A31F10 = {isa = PBXBuildFile; fileRef = 5E5A5F67D409401FA8C0FDCE; };
BBC311102AFAC52CE48D8590 = {isa = PBXBuildFile; fileRef = DE9C0F1755EB6DF521F099F6; };
C51EBB082FADE3D8EE15D89B = {isa = PBXBuildFile; fileRef = F497A17F09FA6F2150A18FD7; };
FF845F768162236F8A1AD688 = {isa = PBXBuildFile; fileRef = D8B51F672511E49D9E3FF992; };
962FD2EC25978D40A54D1CC6 = {isa = PBXBuildFile; fileRef = AA3D9D3D1CA5559B99EF7379; };
45A46E8A06855290FD269B51 = {isa = PBXBuildFile; fileRef = A7883440F1D751D381DE6B94; };
35C97B0DEB3C1F6C2F4DE03F = {isa = PBXBuildFile; fileRef = CE3132FFBAA6AE4E60AEB458; };
1C82D5FF96A81433B77EE255 = {isa = PBXBuildFile; fileRef = 5A7AC824734257989B06E50C; };
AFDD78E3D9BACAEED6CEBDC1 = {isa = PBXBuildFile; fileRef = 1B520514323B47D40EE631C4; };
60CBCBC82BC831E2EF96A795 = {isa = PBXBuildFile; fileRef = FAB632F1C98A54B51A36E54E; };
50433DBFA6B255C45AD66548 = {isa = PBXBuildFile; fileRef = 80123E9755F10BD2F00A31D8; };
3259769C00D5AE244242F009 = {isa = PBXBuildFile; fileRef = 6DFBF16268E27D743AC7DC21; };
05953398ADAF29EE3481880A = {isa = PBXBuildFile; fileRef = 4D92DE5164B6EDC94544AFC9; };
A8792157CB4F27FB949C035F = {isa = PBXFileReference; explicitFileType = wrapper.application; path = MyPCSteamOSProbe.app; sourceTree = BUILT_PRODUCTS_DIR; };
0A3E27B8CA818264D75C8D81 = {isa = PBXGroup; children = (A8792157CB4F27FB949C035F,); name = Products; sourceTree = "<group>"; };
AD936FCBED631FA67E05C3EA = {isa = PBXGroup; children = (DE8A10361A697872BA9BDD10,7BF6D1A43ED01C015E9173F3,925840FD6AA72BFBF7404AC4,B67A02F4CE50FC88649B541F,5EB9FE81A3E798474922DD17,5E5A5F67D409401FA8C0FDCE,DE9C0F1755EB6DF521F099F6,F497A17F09FA6F2150A18FD7,8B4B9D7519F3E73F8F8F08FC,12E920185097E8FBB22BB550,D8B51F672511E49D9E3FF992,AA3D9D3D1CA5559B99EF7379,A7883440F1D751D381DE6B94,CE3132FFBAA6AE4E60AEB458,9DC449E806FEAD3080746803,95C6B4318E429146529FC9B6,5A7AC824734257989B06E50C,1B520514323B47D40EE631C4,FAB632F1C98A54B51A36E54E,80123E9755F10BD2F00A31D8,6DFBF16268E27D743AC7DC21,4D92DE5164B6EDC94544AFC9,2B7185392D9E4B5578B7A29B,9CF40A74AB6F0036554FFDB2,8E83718426F6A58DD0CBEDF5,0275188D6063AC8E52C01DC1,0A3E27B8CA818264D75C8D81,); sourceTree = "<group>"; };
878A52FC5FF6A57D50B7B870 = {isa = PBXSourcesBuildPhase; buildActionMask = 2147483647; files = (C5E82330EF19947C0FE8EA29,C64192D674AD3706BD142976,CB729D9FCA28E36543E42BFF,72A7229B97FABAFABCF18E82,D9090D252747A7354A6F44AF,FD97A0F79547168873A31F10,BBC311102AFAC52CE48D8590,C51EBB082FADE3D8EE15D89B,FF845F768162236F8A1AD688,962FD2EC25978D40A54D1CC6,45A46E8A06855290FD269B51,35C97B0DEB3C1F6C2F4DE03F,1C82D5FF96A81433B77EE255,AFDD78E3D9BACAEED6CEBDC1,60CBCBC82BC831E2EF96A795,50433DBFA6B255C45AD66548,3259769C00D5AE244242F009,05953398ADAF29EE3481880A,); runOnlyForDeploymentPostprocessing = 0; };
E2AA269EB967A8853A258BFA = {isa = PBXFrameworksBuildPhase; buildActionMask = 2147483647; files = (); runOnlyForDeploymentPostprocessing = 0; };
41D311A605520FC7B8B9A980 = {isa = PBXResourcesBuildPhase; buildActionMask = 2147483647; files = (); runOnlyForDeploymentPostprocessing = 0; };
2B23A31EEC75B029432F2445 = {isa = XCBuildConfiguration; buildSettings = {SDKROOT = iphoneos; IPHONEOS_DEPLOYMENT_TARGET = 26.0; CLANG_ENABLE_MODULES = YES; CLANG_ENABLE_OBJC_ARC = YES; CLANG_CXX_LANGUAGE_STANDARD = "c++17"; GCC_WARN_ABOUT_RETURN_TYPE = YES_ERROR;}; name = Debug; };
EDDA600A3F771F810A8065C9 = {isa = XCBuildConfiguration; buildSettings = {SDKROOT = iphoneos; IPHONEOS_DEPLOYMENT_TARGET = 26.0; CLANG_ENABLE_MODULES = YES; CLANG_ENABLE_OBJC_ARC = YES; CLANG_CXX_LANGUAGE_STANDARD = "c++17"; GCC_WARN_ABOUT_RETURN_TYPE = YES_ERROR;
ARCHS = arm64; TARGETED_DEVICE_FAMILY = "1,2"; SUPPORTED_PLATFORMS = iphoneos;
PRODUCT_BUNDLE_IDENTIFIER = com.aghjkshdsj.mypc.steamos.probe; PRODUCT_NAME = MyPCSteamOSProbe;
INFOPLIST_FILE = Host/Info.plist; GENERATE_INFOPLIST_FILE = NO;
SWIFT_VERSION = 5.0; SWIFT_OBJC_BRIDGING_HEADER = Host/ProbeBridge.h;
SWIFT_OPTIMIZATION_LEVEL = "-Onone"; SWIFT_COMPILATION_MODE = wholemodule;
DEBUG_INFORMATION_FORMAT = "dwarf-with-dsym"; GCC_OPTIMIZATION_LEVEL = 2; ENABLE_DEBUG_DYLIB = NO; CODE_SIGN_STYLE = Automatic;
HEADER_SEARCH_PATHS = "$(inherited) $(SRCROOT)/out/native-vulkan/headers";
MPC_SOURCE_COMMIT = "local-unrecorded"; OTHER_LDFLAGS = "$(inherited) -framework Metal -framework QuartzCore -framework GameController -framework UIKit -framework MetricKit";
LD_RUNPATH_SEARCH_PATHS = "$(inherited) @executable_path/Frameworks";
}; name = Debug; };
07CA1E69F6068DEA30A4DA6B = {isa = XCBuildConfiguration; buildSettings = {SDKROOT = iphoneos; IPHONEOS_DEPLOYMENT_TARGET = 26.0; CLANG_ENABLE_MODULES = YES; CLANG_ENABLE_OBJC_ARC = YES; CLANG_CXX_LANGUAGE_STANDARD = "c++17"; GCC_WARN_ABOUT_RETURN_TYPE = YES_ERROR;}; name = Release; };
594BCDCC96599D88EF772A08 = {isa = XCBuildConfiguration; buildSettings = {SDKROOT = iphoneos; IPHONEOS_DEPLOYMENT_TARGET = 26.0; CLANG_ENABLE_MODULES = YES; CLANG_ENABLE_OBJC_ARC = YES; CLANG_CXX_LANGUAGE_STANDARD = "c++17"; GCC_WARN_ABOUT_RETURN_TYPE = YES_ERROR;
ARCHS = arm64; TARGETED_DEVICE_FAMILY = "1,2"; SUPPORTED_PLATFORMS = iphoneos;
PRODUCT_BUNDLE_IDENTIFIER = com.aghjkshdsj.mypc.steamos.probe; PRODUCT_NAME = MyPCSteamOSProbe;
INFOPLIST_FILE = Host/Info.plist; GENERATE_INFOPLIST_FILE = NO;
SWIFT_VERSION = 5.0; SWIFT_OBJC_BRIDGING_HEADER = Host/ProbeBridge.h;
SWIFT_OPTIMIZATION_LEVEL = "-O"; SWIFT_COMPILATION_MODE = wholemodule;
DEBUG_INFORMATION_FORMAT = "dwarf-with-dsym"; GCC_OPTIMIZATION_LEVEL = 2; ENABLE_DEBUG_DYLIB = NO; CODE_SIGN_STYLE = Automatic;
HEADER_SEARCH_PATHS = "$(inherited) $(SRCROOT)/out/native-vulkan/headers";
MPC_SOURCE_COMMIT = "local-unrecorded"; OTHER_LDFLAGS = "$(inherited) -framework Metal -framework QuartzCore -framework GameController -framework UIKit -framework MetricKit";
LD_RUNPATH_SEARCH_PATHS = "$(inherited) @executable_path/Frameworks";
}; name = Release; };
F905B102B4F13BD6617D8EB3 = {isa = XCConfigurationList; buildConfigurations = (2B23A31EEC75B029432F2445,07CA1E69F6068DEA30A4DA6B,); defaultConfigurationIsVisible = 0; defaultConfigurationName = Release; };
CE4CD5ACDBC4A8D938AD23C0 = {isa = XCConfigurationList; buildConfigurations = (EDDA600A3F771F810A8065C9,594BCDCC96599D88EF772A08,); defaultConfigurationIsVisible = 0; defaultConfigurationName = Release; };
34A04005BCAF206EEC990BD9 = {isa = PBXNativeTarget; buildConfigurationList = CE4CD5ACDBC4A8D938AD23C0; buildPhases = (878A52FC5FF6A57D50B7B870,E2AA269EB967A8853A258BFA,41D311A605520FC7B8B9A980,); buildRules = (); dependencies = (); name = MyPCSteamOSProbe; productName = MyPCSteamOSProbe; productReference = A8792157CB4F27FB949C035F; productType = "com.apple.product-type.application"; };
244210E48437B6556980A702 = {isa = PBXProject; attributes = {LastUpgradeCheck = 2600; }; buildConfigurationList = F905B102B4F13BD6617D8EB3; compatibilityVersion = "Xcode 14.0"; developmentRegion = en; hasScannedForEncodings = 0; knownRegions = (en,Base,); mainGroup = AD936FCBED631FA67E05C3EA; productRefGroup = 0A3E27B8CA818264D75C8D81; projectDirPath = ""; projectRoot = ""; targets = (34A04005BCAF206EEC990BD9,); };
}; rootObject = 244210E48437B6556980A702; }
